
Microsoft Visual Studio Solution File, Format Version 12.00
# Visual Studio Version 16
VisualStudioVersion = 16.0.30907.101
MinimumVisualStudioVersion = 10.0.40219.1
Project("{9A19103F-16F7-4668-BE54-9A1E7A4F7556}") = "OnlineGroceryLK", "OnlineGroceryLK\OnlineGroceryLK.csproj", "{A2778B5C-F4A4-4EEC-A562-44DEF38D84B0}"
EndProject
Project("{FAE04EC0-301F-11D3-BF4B-00C04F79EFBC}") = "OnlineGroceryUnit_testing", "OnlineGroceryUnit_testing\OnlineGroceryUnit_testing.csproj", "{AE5521B6-C89B-4E5B-B6A3-8267AD71D94E}"
EndProject
Global
	GlobalSection(SolutionConfigurationPlatforms) = preSolution
		Debug|Any CPU = Debug|Any CPU
		Release|Any CPU = Release|Any CPU
	EndGlobalSection
	GlobalSection(ProjectConfigurationPlatforms) = postSolution
		{A2778B5C-F4A4-4EEC-A562-44DEF38D84B0}.Debug|Any CPU.ActiveCfg = Debug|Any CPU
		{A2778B5C-F4A4-4EEC-A562-44DEF38D84B0}.Debug|Any CPU.Build.0 = Debug|Any CPU
		{A2778B5C-F4A4-4EEC-A562-44DEF38D84B0}.Release|Any CPU.ActiveCfg = Release|Any CPU
		{A2778B5C-F4A4-4EEC-A562-44DEF38D84B0}.Release|Any CPU.Build.0 = Release|Any CPU
		{AE5521B6-C89B-4E5B-B6A3-8267AD71D94E}.Debug|Any CPU.ActiveCfg = Debug|Any CPU
		{AE5521B6-C89B-4E5B-B6A3-8267AD71D94E}.Debug|Any CPU.Build.0 = Debug|Any CPU
		{AE5521B6-C89B-4E5B-B6A3-8267AD71D94E}.Release|Any CPU.ActiveCfg = Release|Any CPU
		{AE5521B6-C89B-4E5B-B6A3-8267AD71D94E}.Release|Any CPU.Build.0 = Release|Any CPU
	EndGlobalSection
	GlobalSection(SolutionProperties) = preSolution
		HideSolutionNode = FALSE
	EndGlobalSection
	GlobalSection(ExtensibilityGlobals) = postSolution
		SolutionGuid = {CBAA0C97-F7BE-4776-946F-A0D414499D8A}
	EndGlobalSection
EndGlobal
